{
    "name": "nx-custom-cache",
    "version": "1.0.0",
    "lockfileVersion": 3,
    "requires": true,
    "packages": {
        "": {
            "name": "nx-custom-cache",
            "version": "1.0.0",
            "license": "MIT",
            "bin": {
                "nx-custom-cache": "index.js"
            }
        }
    }
}
